
Microsoft Visual Studio Solution File, Format Version 12.00
# Visual Studio Version 17
VisualStudioVersion = 17.7.34031.279
MinimumVisualStudioVersion = 10.0.40219.1
Project("{9A19103F-16F7-4668-BE54-9A1E7A4F7556}") = "BasicApiProject", "BasicApiProject.csproj", "{5DDF6A04-683C-465F-A7ED-7EF393A51995}"
EndProject
Project("{FAE04EC0-301F-11D3-BF4B-00C04F79EFBC}") = "Dtos", "..\Dtos\Dtos.csproj", "{D8568BA1-0544-484C-A37F-3B1659C2FFDA}"
EndProject
Global
	GlobalSection(SolutionConfigurationPlatforms) = preSolution
		Debug|Any CPU = Debug|Any CPU
		Release|Any CPU = Release|Any CPU
	EndGlobalSection
	GlobalSection(ProjectConfigurationPlatforms) = postSolution
		{5DDF6A04-683C-465F-A7ED-7EF393A51995}.Debug|Any CPU.ActiveCfg = Debug|Any CPU
		{5DDF6A04-683C-465F-A7ED-7EF393A51995}.Debug|Any CPU.Build.0 = Debug|Any CPU
		{5DDF6A04-683C-465F-A7ED-7EF393A51995}.Release|Any CPU.ActiveCfg = Release|Any CPU
		{5DDF6A04-683C-465F-A7ED-7EF393A51995}.Release|Any CPU.Build.0 = Release|Any CPU
		{D8568BA1-0544-484C-A37F-3B1659C2FFDA}.Debug|Any CPU.ActiveCfg = Debug|Any CPU
		{D8568BA1-0544-484C-A37F-3B1659C2FFDA}.Debug|Any CPU.Build.0 = Debug|Any CPU
		{D8568BA1-0544-484C-A37F-3B1659C2FFDA}.Release|Any CPU.ActiveCfg = Release|Any CPU
		{D8568BA1-0544-484C-A37F-3B1659C2FFDA}.Release|Any CPU.Build.0 = Release|Any CPU
	EndGlobalSection
	GlobalSection(SolutionProperties) = preSolution
		HideSolutionNode = FALSE
	EndGlobalSection
	GlobalSection(ExtensibilityGlobals) = postSolution
		SolutionGuid = {11E95F15-5AB5-4DB9-A6E1-FBA23D14A80D}
	EndGlobalSection
EndGlobal
